
Microsoft Visual Studio Solution File, Format Version 12.00
# Visual Studio 15
Project("{FAE04EC0-301F-11D3-BF4B-00C04F79EFBC}") = "Assembly-CSharp", "Assembly-CSharp.csproj", "{64AFB43E-6A7E-12FB-7160-5F1F1E3E60AD}"
EndProject
Project("{FAE04EC0-301F-11D3-BF4B-00C04F79EFBC}") = "NavMeshComponents", "NavMeshComponents.csproj", "{B68E6AF0-D5D8-BDF2-1DFC-43C9C1DF0E1B}"
EndProject
Project("{FAE04EC0-301F-11D3-BF4B-00C04F79EFBC}") = "NavMeshComponentsEditor", "NavMeshComponentsEditor.csproj", "{D31272ED-D31D-136C-827E-7313953596E2}"
EndProject
Global
	GlobalSection(SolutionConfigurationPlatforms) = preSolution
		Debug|Any CPU = Debug|Any CPU
		Release|Any CPU = Release|Any CPU
	EndGlobalSection
	GlobalSection(ProjectConfigurationPlatforms) = postSolution
		{64AFB43E-6A7E-12FB-7160-5F1F1E3E60AD}.Debug|Any CPU.ActiveCfg = Debug|Any CPU
		{64AFB43E-6A7E-12FB-7160-5F1F1E3E60AD}.Debug|Any CPU.Build.0 = Debug|Any CPU
		{64AFB43E-6A7E-12FB-7160-5F1F1E3E60AD}.Release|Any CPU.ActiveCfg = Release|Any CPU
		{64AFB43E-6A7E-12FB-7160-5F1F1E3E60AD}.Release|Any CPU.Build.0 = Release|Any CPU
		{B68E6AF0-D5D8-BDF2-1DFC-43C9C1DF0E1B}.Debug|Any CPU.ActiveCfg = Debug|Any CPU
		{B68E6AF0-D5D8-BDF2-1DFC-43C9C1DF0E1B}.Debug|Any CPU.Build.0 = Debug|Any CPU
		{B68E6AF0-D5D8-BDF2-1DFC-43C9C1DF0E1B}.Release|Any CPU.ActiveCfg = Release|Any CPU
		{B68E6AF0-D5D8-BDF2-1DFC-43C9C1DF0E1B}.Release|Any CPU.Build.0 = Release|Any CPU
		{D31272ED-D31D-136C-827E-7313953596E2}.Debug|Any CPU.ActiveCfg = Debug|Any CPU
		{D31272ED-D31D-136C-827E-7313953596E2}.Debug|Any CPU.Build.0 = Debug|Any CPU
		{D31272ED-D31D-136C-827E-7313953596E2}.Release|Any CPU.ActiveCfg = Release|Any CPU
		{D31272ED-D31D-136C-827E-7313953596E2}.Release|Any CPU.Build.0 = Release|Any CPU
	EndGlobalSection
	GlobalSection(SolutionProperties) = preSolution
		HideSolutionNode = FALSE
	EndGlobalSection
EndGlobal
